dependencies:
  espressif/mdns:
    component_hash: ed10ef031bce505e423c5dbf0fdf2ce7a02df5f9ebffb18df2d6b9852e48817d
    source:
      service_url: https://api.components.espressif.com/
      type: service
    version: 1.3.1
  idf:
    component_hash: null
    source:
      type: idf
    version: 5.2.1
  joltwallet/littlefs:
    component_hash: 8373229a6c63ccc08747117cd937b35de5721ba49468e4ca29dad006235e655e
    source:
      service_url: https://api.components.espressif.com/
      type: service
    version: 1.14.5
manifest_hash: 18ee279d442d1ef4d2b31d077b560fe51ac6b74cfa8dfaaf4a4cda0aec5d94e0
target: esp32s3
version: 1.0.0
