dependencies:
  espressif/mdns:
    component_hash: 31117d76cae83a6d83ffd7f035f6fdae5bd05b914fc30b641afeb208b84de19a
    source:
      service_url: https://api.components.espressif.com/
      type: service
    version: 1.3.2
  idf:
    component_hash: null
    source:
      type: idf
    version: 5.2.1
  joltwallet/littlefs:
    component_hash: 8373229a6c63ccc08747117cd937b35de5721ba49468e4ca29dad006235e655e
    source:
      service_url: https://api.components.espressif.com/
      type: service
    version: 1.14.5
manifest_hash: 18ee279d442d1ef4d2b31d077b560fe51ac6b74cfa8dfaaf4a4cda0aec5d94e0
target: esp32s3
version: 1.0.0
